// !$*UTF8*$!
{
	archiveVersion = 1;
	classes = {
	};
	objectVersion = 46;
	objects = {

/* Begin PBXBuildFile section */
		23AFB8941E8DDCA500918E9F /* AppDelegate.swift in Sources */ = {isa = PBXBuildFile; fileRef = 23AFB8931E8DDCA500918E9F /* AppDelegate.swift */; };
		23AFB8961E8DDCA500918E9F /* ViewController.swift in Sources */ = {isa = PBXBuildFile; fileRef = 23AFB8951E8DDCA500918E9F /* ViewController.swift */; };
		23AFB8991E8DDCA500918E9F /* Main.storyboard in Resources */ = {isa = PBXBuildFile; fileRef = 23AFB8971E8DDCA500918E9F /* Main.storyboard */; };
		23AFB89B1E8DDCA500918E9F /* Assets.xcassets in Resources */ = {isa = PBXBuildFile; fileRef = 23AFB89A1E8DDCA500918E9F /* Assets.xcassets */; };
		23AFB89E1E8DDCA500918E9F /* LaunchScreen.storyboard in Resources */ = {isa = PBXBuildFile; fileRef = 23AFB89C1E8DDCA500918E9F /* LaunchScreen.storyboard */; };
		23AFB8A61E8DDCC300918E9F /* Datos.swift in Sources */ = {isa = PBXBuildFile; fileRef = 23AFB8A51E8DDCC300918E9F /* Datos.swift */; };
/* End PBXBuildFile section */

/* Begin PBXFileReference section */
		23AFB8901E8DDCA500918E9F /* hamburguesas1.app */ = {isa = PBXFileReference; explicitFileType = wrapper.application; includeInIndex = 0; path = hamburguesas1.app; sourceTree = BUILT_PRODUCTS_DIR; };
		23AFB8931E8DDCA500918E9F /* AppDelegate.swift */ = {isa = PBXFileReference; lastKnownFileType = sourcecode.swift; path = AppDelegate.swift; sourceTree = "<group>"; };
		23AFB8951E8DDCA500918E9F /* ViewController.swift */ = {isa = PBXFileReference; lastKnownFileType = sourcecode.swift; path = ViewController.swift; sourceTree = "<group>"; };
		23AFB8981E8DDCA500918E9F /* Base */ = {isa = PBXFileReference; lastKnownFileType = file.storyboard; name = Base; path = Base.lproj/Main.storyboard; sourceTree = "<group>"; };
		23AFB89A1E8DDCA500918E9F /* Assets.xcassets */ = {isa = PBXFileReference; lastKnownFileType = folder.assetcatalog; path = Assets.xcassets; sourceTree = "<group>"; };
		23AFB89D1E8DDCA500918E9F /* Base */ = {isa = PBXFileReference; lastKnownFileType = file.storyboard; name = Base; path = Base.lproj/LaunchScreen.storyboard; sourceTree = "<group>"; };
		23AFB89F1E8DDCA500918E9F /* Info.plist */ = {isa = PBXFileReference; lastKnownFileType = text.plist.xml; path = Info.plist; sourceTree = "<group>"; };
		23AFB8A51E8DDCC300918E9F /* Datos.swift */ = {isa = PBXFileReference; fileEncoding = 4; lastKnownFileType = sourcecode.swift; path = Datos.swift; sourceTree = "<group>"; };
/* End PBXFileReference section */

/* Begin PBXFrameworksBuildPhase section */
		23AFB88D1E8DDCA500918E9F /* Frameworks */ = {
			isa = PBXFrameworksBuildPhase;
			buildActionMask = 2147483647;
			files = (
			);
			runOnlyForDeploymentPostprocessing = 0;
		};
/* End PBXFrameworksBuildPhase section */

/* Begin PBXGroup section */
		23AFB8871E8DDCA500918E9F = {
			isa = PBXGroup;
			children = (
				23AFB8921E8DDCA500918E9F /* hamburguesas1 */,
				23AFB8911E8DDCA500918E9F /* Products */,
			);
			sourceTree = "<group>";
		};
		23AFB8911E8DDCA500918E9F /* Products */ = {
			isa = PBXGroup;
			children = (
				23AFB8901E8DDCA500918E9F /* hamburguesas1.app */,
			);
			name = Products;
			sourceTree = "<group>";
		};
		23AFB8921E8DDCA500918E9F /* hamburguesas1 */ = {
			isa = PBXGroup;
			children = (
				23AFB8931E8DDCA500918E9F /* AppDelegate.swift */,
				23AFB8951E8DDCA500918E9F /* ViewController.swift */,
				23AFB8971E8DDCA500918E9F /* Main.storyboard */,
				23AFB89A1E8DDCA500918E9F /* Assets.xcassets */,
				23AFB89C1E8DDCA500918E9F /* LaunchScreen.storyboard */,
				23AFB89F1E8DDCA500918E9F /* Info.plist */,
				23AFB8A51E8DDCC300918E9F /* Datos.swift */,
			);
			path = hamburguesas1;
			sourceTree = "<group>";
		};
/* End PBXGroup section */

/* Begin PBXNativeTarget section */
		23AFB88F1E8DDCA500918E9F /* hamburguesas1 */ = {
			isa = PBXNativeTarget;
			buildConfigurationList = 23AFB8A21E8DDCA500918E9F /* Build configuration list for PBXNativeTarget "hamburguesas1" */;
			buildPhases = (
				23AFB88C1E8DDCA500918E9F /* Sources */,
				23AFB88D1E8DDCA500918E9F /* Frameworks */,
				23AFB88E1E8DDCA500918E9F /* Resources */,
			);
			buildRules = (
			);
			dependencies = (
			);
			name = hamburguesas1;
			productName = hamburguesas1;
			productReference = 23AFB8901E8DDCA500918E9F /* hamburguesas1.app */;
			productType = "com.apple.product-type.application";
		};
/* End PBXNativeTarget section */

/* Begin PBXProject section */
		23AFB8881E8DDCA500918E9F /* Project object */ = {
			isa = PBXProject;
			attributes = {
				LastSwiftUpdateCheck = 0830;
				LastUpgradeCheck = 0830;
				ORGANIZATIONNAME = UAEH;
				TargetAttributes = {
					23AFB88F1E8DDCA500918E9F = {
						CreatedOnToolsVersion = 8.3;
						ProvisioningStyle = Automatic;
					};
				};
			};
			buildConfigurationList = 23AFB88B1E8DDCA500918E9F /* Build configuration list for PBXProject "hamburguesas1" */;
			compatibilityVersion = "Xcode 3.2";
			developmentRegion = English;
			hasScannedForEncodings = 0;
			knownRegions = (
				en,
				Base,
			);
			mainGroup = 23AFB8871E8DDCA500918E9F;
			productRefGroup = 23AFB8911E8DDCA500918E9F /* Products */;
			projectDirPath = "";
			projectRoot = "";
			targets = (
				23AFB88F1E8DDCA500918E9F /* hamburguesas1 */,
			);
		};
/* End PBXProject section */

/* Begin PBXResourcesBuildPhase section */
		23AFB88E1E8DDCA500918E9F /* Resources */ = {
			isa = PBXResourcesBuildPhase;
			buildActionMask = 2147483647;
			files = (
				23AFB89E1E8DDCA500918E9F /* LaunchScreen.storyboard in Resources */,
				23AFB89B1E8DDCA500918E9F /* Assets.xcassets in Resources */,
				23AFB8991E8DDCA500918E9F /* Main.storyboard in Resources */,
			);
			runOnlyForDeploymentPostprocessing = 0;
		};
/* End PBXResourcesBuildPhase section */

/* Begin PBXSourcesBuildPhase section */
		23AFB88C1E8DDCA500918E9F /* Sources */ = {
			isa = PBXSourcesBuildPhase;
			buildActionMask = 2147483647;
			files = (
				23AFB8961E8DDCA500918E9F /* ViewController.swift in Sources */,
				23AFB8A61E8DDCC300918E9F /* Datos.swift in Sources */,
				23AFB8941E8DDCA500918E9F /* AppDelegate.swift in Sources */,
			);
			runOnlyForDeploymentPostprocessing = 0;
		};
/* End PBXSourcesBuildPhase section */

/* Begin PBXVariantGroup section */
		23AFB8971E8DDCA500918E9F /* Main.storyboard */ = {
			isa = PBXVariantGroup;
			children = (
				23AFB8981E8DDCA500918E9F /* Base */,
			);
			name = Main.storyboard;
			sourceTree = "<group>";
		};
		23AFB89C1E8DDCA500918E9F /* LaunchScreen.storyboard */ = {
			isa = PBXVariantGroup;
			children = (
				23AFB89D1E8DDCA500918E9F /* Base */,
			);
			name = LaunchScreen.storyboard;
			sourceTree = "<group>";
		};
/* End PBXVariantGroup section */

/* Begin XCBuildConfiguration section */
		23AFB8A01E8DDCA500918E9F /* Debug */ = {
			isa = XCBuildConfiguration;
			buildSettings = {
				ALWAYS_SEARCH_USER_PATHS = NO;
				CLANG_ANALYZER_NONNULL = YES;
				CLANG_ANALYZER_NUMBER_OBJECT_CONVERSION = YES_AGGRESSIVE;
				CLANG_CXX_LANGUAGE_STANDARD = "gnu++0x";
				CLANG_CXX_LIBRARY = "libc++";
				CLANG_ENABLE_MODULES = YES;
				CLANG_ENABLE_OBJC_ARC = YES;
				CLANG_WARN_BOOL_CONVERSION = YES;
				CLANG_WARN_CONSTANT_CONVERSION = YES;
				CLANG_WARN_DIRECT_OBJC_ISA_USAGE = YES_ERROR;
				CLANG_WARN_DOCUMENTATION_COMMENTS = YES;
				CLANG_WARN_EMPTY_BODY = YES;
				CLANG_WARN_ENUM_CONVERSION = YES;
				CLANG_WARN_INFINITE_RECURSION = YES;
				CLANG_WARN_INT_CONVERSION = YES;
				CLANG_WARN_OBJC_ROOT_CLASS = YES_ERROR;
				CLANG_WARN_SUSPICIOUS_MOVE = YES;
				CLANG_WARN_UNREACHABLE_CODE = YES;
				CLANG_WARN__DUPLICATE_METHOD_MATCH = YES;
				"CODE_SIGN_IDENTITY[sdk=iphoneos*]" = "iPhone Developer";
				COPY_PHASE_STRIP = NO;
				DEBUG_INFORMATION_FORMAT = dwarf;
				ENABLE_STRICT_OBJC_MSGSEND = YES;
				ENABLE_TESTABILITY = YES;
				GCC_C_LANGUAGE_STANDARD = gnu99;
				GCC_DYNAMIC_NO_PIC = NO;
				GCC_NO_COMMON_BLOCKS = YES;
				GCC_OPTIMIZATION_LEVEL = 0;
				GCC_PREPROCESSOR_DEFINITIONS = (
					"DEBUG=1",
					"$(inherited)",
				);
				GCC_WARN_64_TO_32_BIT_CONVERSION = YES;
				GCC_WARN_ABOUT_RETURN_TYPE = YES_ERROR;
				GCC_WARN_UNDECLARED_SELECTOR = YES;
				GCC_WARN_UNINITIALIZED_AUTOS = YES_AGGRESSIVE;
				GCC_WARN_UNUSED_FUNCTION = YES;
				GCC_WARN_UNUSED_VARIABLE = YES;
				IPHONEOS_DEPLOYMENT_TARGET = 10.3;
				MTL_ENABLE_DEBUG_INFO = YES;
				ONLY_ACTIVE_ARCH = YES;
				SDKROOT = iphoneos;
				SWIFT_ACTIVE_COMPILATION_CONDITIONS = DEBUG;
				SWIFT_OPTIMIZATION_LEVEL = "-Onone";
			};
			name = Debug;
		};
		23AFB8A11E8DDCA500918E9F /* Release */ = {
			isa = XCBuildConfiguration;
			buildSettings = {
				ALWAYS_SEARCH_USER_PATHS = NO;
				CLANG_ANALYZER_NONNULL = YES;
				CLANG_ANALYZER_NUMBER_OBJECT_CONVERSION = YES_AGGRESSIVE;
				CLANG_CXX_LANGUAGE_STANDARD = "gnu++0x";
				CLANG_CXX_LIBRARY = "libc++";
				CLANG_ENABLE_MODULES = YES;
				CLANG_ENABLE_OBJC_ARC = YES;
				CLANG_WARN_BOOL_CONVERSION = YES;
				CLANG_WARN_CONSTANT_CONVERSION = YES;
				CLANG_WARN_DIRECT_OBJC_ISA_USAGE = YES_ERROR;
				CLANG_WARN_DOCUMENTATION_COMMENTS = YES;
				CLANG_WARN_EMPTY_BODY = YES;
				CLANG_WARN_ENUM_CONVERSION = YES;
				CLANG_WARN_INFINITE_RECURSION = YES;
				CLANG_WARN_INT_CONVERSION = YES;
				CLANG_WARN_OBJC_ROOT_CLASS = YES_ERROR;
				CLANG_WARN_SUSPICIOUS_MOVE = YES;
				CLANG_WARN_UNREACHABLE_CODE = YES;
				CLANG_WARN__DUPLICATE_METHOD_MATCH = YES;
				"CODE_SIGN_IDENTITY[sdk=iphoneos*]" = "iPhone Developer";
				COPY_PHASE_STRIP = NO;
				DEBUG_INFORMATION_FORMAT = "dwarf-with-dsym";
				ENABLE_NS_ASSERTIONS = NO;
				ENABLE_STRICT_OBJC_MSGSEND = YES;
				GCC_C_LANGUAGE_STANDARD = gnu99;
				GCC_NO_COMMON_BLOCKS = YES;
				GCC_WARN_64_TO_32_BIT_CONVERSION = YES;
				GCC_WARN_ABOUT_RETURN_TYPE = YES_ERROR;
				GCC_WARN_UNDECLARED_SELECTOR = YES;
				GCC_WARN_UNINITIALIZED_AUTOS = YES_AGGRESSIVE;
				GCC_WARN_UNUSED_FUNCTION = YES;
				GCC_WARN_UNUSED_VARIABLE = YES;
				IPHONEOS_DEPLOYMENT_TARGET = 10.3;
				MTL_ENABLE_DEBUG_INFO = NO;
				SDKROOT = iphoneos;
				SWIFT_OPTIMIZATION_LEVEL = "-Owholemodule";
				VALIDATE_PRODUCT = YES;
			};
			name = Release;
		};
		23AFB8A31E8DDCA500918E9F /* Debug */ = {
			isa = XCBuildConfiguration;
			buildSettings = {
				ASSETCATALOG_COMPILER_APPICON_NAME = AppIcon;
				INFOPLIST_FILE = hamburguesas1/Info.plist;
				LD_RUNPATH_SEARCH_PATHS = "$(inherited) @executable_path/Frameworks";
				PRODUCT_BUNDLE_IDENTIFIER = mx.uaeh.hamburguesas1;
				PRODUCT_NAME = "$(TARGET_NAME)";
				SWIFT_VERSION = 3.0;
			};
			name = Debug;
		};
		23AFB8A41E8DDCA500918E9F /* Release */ = {
			isa = XCBuildConfiguration;
			buildSettings = {
				ASSETCATALOG_COMPILER_APPICON_NAME = AppIcon;
				INFOPLIST_FILE = hamburguesas1/Info.plist;
				LD_RUNPATH_SEARCH_PATHS = "$(inherited) @executable_path/Frameworks";
				PRODUCT_BUNDLE_IDENTIFIER = mx.uaeh.hamburguesas1;
				PRODUCT_NAME = "$(TARGET_NAME)";
				SWIFT_VERSION = 3.0;
			};
			name = Release;
		};
/* End XCBuildConfiguration section */

/* Begin XCConfigurationList section */
		23AFB88B1E8DDCA500918E9F /* Build configuration list for PBXProject "hamburguesas1" */ = {
			isa = XCConfigurationList;
			buildConfigurations = (
				23AFB8A01E8DDCA500918E9F /* Debug */,
				23AFB8A11E8DDCA500918E9F /* Release */,
			);
			defaultConfigurationIsVisible = 0;
			defaultConfigurationName = Release;
		};
		23AFB8A21E8DDCA500918E9F /* Build configuration list for PBXNativeTarget "hamburguesas1" */ = {
			isa = XCConfigurationList;
			buildConfigurations = (
				23AFB8A31E8DDCA500918E9F /* Debug */,
				23AFB8A41E8DDCA500918E9F /* Release */,
			);
			defaultConfigurationIsVisible = 0;
		};
/* End XCConfigurationList section */
	};
	rootObject = 23AFB8881E8DDCA500918E9F /* Project object */;
}
